
Microsoft Visual Studio Solution File, Format Version 12.00
# Visual Studio 15
VisualStudioVersion = 15.0.27004.2006
MinimumVisualStudioVersion = 10.0.40219.1
Project("{FAE04EC0-301F-11D3-BF4B-00C04F79EFBC}") = "Factorial", "Factorial.csproj", "{C2C10B39-2797-4302-B165-E434FB048681}"
EndProject
Global
	GlobalSection(SolutionConfigurationPlatforms) = preSolution
		Debug|Any CPU = Debug|Any CPU
		Release|Any CPU = Release|Any CPU
	EndGlobalSection
	GlobalSection(ProjectConfigurationPlatforms) = postSolution
		{C2C10B39-2797-4302-B165-E434FB048681}.Debug|Any CPU.ActiveCfg = Debug|Any CPU
		{C2C10B39-2797-4302-B165-E434FB048681}.Debug|Any CPU.Build.0 = Debug|Any CPU
		{C2C10B39-2797-4302-B165-E434FB048681}.Release|Any CPU.ActiveCfg = Release|Any CPU
		{C2C10B39-2797-4302-B165-E434FB048681}.Release|Any CPU.Build.0 = Release|Any CPU
	EndGlobalSection
	GlobalSection(SolutionProperties) = preSolution
		HideSolutionNode = FALSE
	EndGlobalSection
	GlobalSection(ExtensibilityGlobals) = postSolution
		SolutionGuid = {1B4B8FFE-8D5C-4DDF-A2A5-852BC851E620}
	EndGlobalSection
EndGlobal
